
Microsoft Visual Studio Solution File, Format Version 12.00
# Visual Studio Version 17
VisualStudioVersion = 17.0.31903.59
MinimumVisualStudioVersion = 10.0.40219.1
Project("{2150E333-8FDC-42A3-9474-1A3956D46DE8}") = "Core", "Core", "{EA233C58-B57B-4266-8717-7FFBD340CACC}"
EndProject
Project("{9A19103F-16F7-4668-BE54-9A1E7A4F7556}") = "SharedDomain", "src\Core\Domain\SharedDomain.csproj", "{4F7ED302-458D-49B2-8B16-A6FDB2BE54CE}"
EndProject
Project("{2150E333-8FDC-42A3-9474-1A3956D46DE8}") = "Infrastructure", "Infrastructure", "{44513889-2A33-4487-AB15-BFD1B5C12CDD}"
EndProject
Project("{2150E333-8FDC-42A3-9474-1A3956D46DE8}") = "Gateways", "Gateways", "{9E9A8468-6486-4364-9611-BFFF51256CD5}"
EndProject
Project("{2150E333-8FDC-42A3-9474-1A3956D46DE8}") = "Services", "Services", "{CD8ADDE9-7F4D-4F68-BB8B-9CB75B825671}"
EndProject
Project("{9A19103F-16F7-4668-BE54-9A1E7A4F7556}") = "Infrastructure.Identity", "src\Infrastructure\Infrastructure.Identity\Infrastructure.Identity.csproj", "{96ED7F2B-316E-43A9-B78F-69E551A66E96}"
EndProject
Project("{9A19103F-16F7-4668-BE54-9A1E7A4F7556}") = "OcelotGateway", "src\Gateways\OcelotGateway\OcelotGateway.csproj", "{9B46B1C6-68FC-4154-955B-468A8DD8C7EC}"
EndProject
Project("{9A19103F-16F7-4668-BE54-9A1E7A4F7556}") = "Service.Identity", "src\Services\Service.Identity\Service.Identity.csproj", "{CABAD6E7-0DEB-4B8F-AB01-651AF27198D2}"
EndProject
Project("{9A19103F-16F7-4668-BE54-9A1E7A4F7556}") = "Infrastructure.Soil", "src\Infrastructure\Infrastructure.FarmSoil\Infrastructure.Soil.csproj", "{89CDCA7D-FB01-475E-AC28-F761FF1386BC}"
EndProject
Project("{9A19103F-16F7-4668-BE54-9A1E7A4F7556}") = "Infrastructure.Water", "src\Infrastructure\Infrastructure.FarmWater\Infrastructure.Water.csproj", "{F2819B7B-D786-4F93-93A6-E0A40D50ACAF}"
EndProject
Project("{9A19103F-16F7-4668-BE54-9A1E7A4F7556}") = "Infrastructure.Fertilize", "src\Infrastructure\Infrastructure.FarmFertilize\Infrastructure.Fertilize.csproj", "{485EE2E8-2412-4615-A1AD-8DEC01CFF21D}"
EndProject
Project("{9A19103F-16F7-4668-BE54-9A1E7A4F7556}") = "Infrastructure.Pesticide", "src\Infrastructure\Infrastructure.FarmPesticide\Infrastructure.Pesticide.csproj", "{F61C6164-A9E3-4285-8AA1-6200369EAA10}"
EndProject
Project("{9A19103F-16F7-4668-BE54-9A1E7A4F7556}") = "Infrastructure.Consumption", "src\Infrastructure\Infrastructure.Consumption\Infrastructure.Consumption.csproj", "{10F40342-C841-49A3-ACA9-DC3E337391CE}"
EndProject
Project("{9A19103F-16F7-4668-BE54-9A1E7A4F7556}") = "Service.Water", "src\Services\Service.FarmWater\Service.Water.csproj", "{55A93889-7D7E-4E8F-B9EA-1D31016AF412}"
EndProject
Project("{9A19103F-16F7-4668-BE54-9A1E7A4F7556}") = "Service.Soil", "src\Services\Service.FarmSoil\Service.Soil.csproj", "{0C127667-D734-4F00-B2F6-E64982EBEA3F}"
EndProject
Project("{9A19103F-16F7-4668-BE54-9A1E7A4F7556}") = "Service.FarmSite", "src\Services\Service.FarmSite\Service.FarmSite.csproj", "{87DFB2DC-CC13-4417-95DE-20CED80CD17E}"
EndProject
Project("{9A19103F-16F7-4668-BE54-9A1E7A4F7556}") = "Service.Pesticide", "src\Services\Service.FarmPesticide\Service.Pesticide.csproj", "{A8401576-199E-4FA0-B703-5F4CA53E8ACD}"
EndProject
Project("{9A19103F-16F7-4668-BE54-9A1E7A4F7556}") = "Service.Fertilize", "src\Services\Service.FarmFertilize\Service.Fertilize.csproj", "{9D64FDEC-E08E-48E9-A20A-469F97679824}"
EndProject
Project("{9A19103F-16F7-4668-BE54-9A1E7A4F7556}") = "Service.Consumption", "src\Services\Service.Consumption\Service.Consumption.csproj", "{BF32406D-7086-4060-B242-7208C5F52EBA}"
EndProject
Project("{9A19103F-16F7-4668-BE54-9A1E7A4F7556}") = "Infrastructure.Registration", "src\Infrastructure\Infrastructure.FarmRegistry\Infrastructure.Registration.csproj", "{420E2273-15D7-452A-B39D-77C14A5B3FBD}"
EndProject
Project("{9A19103F-16F7-4668-BE54-9A1E7A4F7556}") = "Infrastructure.FarmSite", "src\Infrastructure\Infrastructure.FarmSite\Infrastructure.FarmSite.csproj", "{4F218FB5-2E15-4168-8764-6664F42C712C}"
EndProject
Project("{9A19103F-16F7-4668-BE54-9A1E7A4F7556}") = "SharedApplication", "src\Core\Common\SharedApplication.csproj", "{1AE8B889-9820-4C11-9A1C-70652FDF4C36}"
EndProject
Project("{9A19103F-16F7-4668-BE54-9A1E7A4F7556}") = "Service.Registration", "src\Services\Service.FarmRegistration\Service.Registration.csproj", "{B6D984A9-66FB-418B-B925-062841A72893}"
EndProject
Project("{9A19103F-16F7-4668-BE54-9A1E7A4F7556}") = "EventBus", "src\Core\EventBus\EventBus.csproj", "{D8F0BA87-8F82-43BB-9F3B-12F6D1625BD3}"
EndProject
Project("{9A19103F-16F7-4668-BE54-9A1E7A4F7556}") = "Infrastructure.FarmScheduling", "src\Infrastructure\Infrastructure.FarmScheduling\Infrastructure.FarmScheduling.csproj", "{005BD74B-7B50-4DA0-9DE5-906D1EF2A72E}"
EndProject
Project("{9A19103F-16F7-4668-BE54-9A1E7A4F7556}") = "Service.FarmScheduling", "src\Services\Service.FarmScheduling\Service.FarmScheduling.csproj", "{7A8536E8-F9D1-4059-BC69-242B2A440999}"
EndProject
Project("{9A19103F-16F7-4668-BE54-9A1E7A4F7556}") = "Service.Supply", "src\Services\Service.Supply\Service.Supply.csproj", "{5D868A37-4C54-46F7-BE9B-FDC59D040DD4}"
EndProject
Project("{9A19103F-16F7-4668-BE54-9A1E7A4F7556}") = "Service.Training", "src\Services\Service.Training\Service.Training.csproj", "{AC522364-7FD3-4714-AD5B-CC3529562986}"
EndProject
Project("{9A19103F-16F7-4668-BE54-9A1E7A4F7556}") = "Service.Assurance", "src\Services\Service.Assurance\Service.Assurance.csproj", "{3A33365E-3DB4-40D1-B668-169596ACFDB4}"
EndProject
Project("{9A19103F-16F7-4668-BE54-9A1E7A4F7556}") = "Infrastructure.Assurance", "src\Infrastructure\Infrastructure.Assurance\Infrastructure.Assurance.csproj", "{FC6D38B4-8AFC-4F1F-AAA0-AF66248FFDAA}"
EndProject
Project("{9A19103F-16F7-4668-BE54-9A1E7A4F7556}") = "Infrastructure.Disease", "src\Infrastructure\Infrastructure.Disease\Infrastructure.Disease.csproj", "{31D0BAC9-A943-4453-B3DD-ECC025EDC22A}"
EndProject
Project("{9A19103F-16F7-4668-BE54-9A1E7A4F7556}") = "Infrastructure.Equipment", "src\Infrastructure\Infrastructure.Equipment\Infrastructure.Equipment.csproj", "{C78E66B3-1622-428A-9C07-7D6A59C00510}"
EndProject
Project("{9A19103F-16F7-4668-BE54-9A1E7A4F7556}") = "Infrastructure.Supply", "src\Infrastructure\Infrastructure.Supply\Infrastructure.Supply.csproj", "{A3641D0C-A218-46E9-AD1E-395BC07B3B45}"
EndProject
Project("{9A19103F-16F7-4668-BE54-9A1E7A4F7556}") = "Infrastructure.Training", "src\Infrastructure\Infrastructure.Training\Infrastructure.Training.csproj", "{666C959E-03A6-4D9F-A9FA-39068EAB7EE5}"
EndProject
Project("{9A19103F-16F7-4668-BE54-9A1E7A4F7556}") = "Service.Disease", "src\Services\Service.Disease\Service.Disease.csproj", "{95AD39EB-DDB3-40C9-8F2D-46567B8B82DB}"
EndProject
Project("{9A19103F-16F7-4668-BE54-9A1E7A4F7556}") = "Service.Equipment", "src\Services\Service.Equipment\Service.Equipment.csproj", "{E4AD203D-BF62-4A74-AA9C-E1358677F646}"
EndProject
Project("{9A19103F-16F7-4668-BE54-9A1E7A4F7556}") = "Infrastructure.Seed", "src\Infrastructure\Infrastructure.Seed\Infrastructure.Seed.csproj", "{A3F20F9F-BA18-4A61-8A57-5387E57616BD}"
EndProject
Project("{9A19103F-16F7-4668-BE54-9A1E7A4F7556}") = "Service.Seed", "src\Services\Service.Seed\Service.Seed.csproj", "{172EE25B-520F-4FE9-92CA-4737E0F1C629}"
EndProject
Project("{9A19103F-16F7-4668-BE54-9A1E7A4F7556}") = "Service.FarmCultivation", "src\Services\Service.FarmCultivation\Service.FarmCultivation.csproj", "{F7B193F9-F5F7-432E-9C7B-2349285141DA}"
EndProject
Project("{9A19103F-16F7-4668-BE54-9A1E7A4F7556}") = "Infrastructure.FarmCultivation", "src\Infrastructure\Infrastructure.FarmCultivation\Infrastructure.FarmCultivation.csproj", "{206EB6F4-4DA0-4AC4-BB32-AABBF2D7E7F2}"
EndProject
Project("{9A19103F-16F7-4668-BE54-9A1E7A4F7556}") = "Infrastructure.RiskAssessment", "src\Infrastructure\Infrastructure.RiskAssessment\Infrastructure.RiskAssessment.csproj", "{1D79B77B-E693-45BF-84D8-7E09E539D8EC}"
EndProject
Project("{9A19103F-16F7-4668-BE54-9A1E7A4F7556}") = "Service.RiskAssessment", "src\Services\Service.RiskAssessment\Service.RiskAssessment.csproj", "{77EE69AC-E5EC-41B9-B473-83E894027870}"
EndProject
Project("{9A19103F-16F7-4668-BE54-9A1E7A4F7556}") = "Infrastructure.Payment", "src\Infrastructure\Infrastructure.Payment\Infrastructure.Payment.csproj", "{C9C29932-45E1-4185-8D49-E9D155E6F3B1}"
EndProject
Project("{9A19103F-16F7-4668-BE54-9A1E7A4F7556}") = "Service.Payment", "src\Services\Service.Payment\Service.Payment.csproj", "{F73796AA-00C8-4CC3-874F-E1AD0ED655B9}"
EndProject
Global
	GlobalSection(SolutionConfigurationPlatforms) = preSolution
		Debug|Any CPU = Debug|Any CPU
		Release|Any CPU = Release|Any CPU
	EndGlobalSection
	GlobalSection(ProjectConfigurationPlatforms) = postSolution
		{4F7ED302-458D-49B2-8B16-A6FDB2BE54CE}.Debug|Any CPU.ActiveCfg = Debug|Any CPU
		{4F7ED302-458D-49B2-8B16-A6FDB2BE54CE}.Debug|Any CPU.Build.0 = Debug|Any CPU
		{4F7ED302-458D-49B2-8B16-A6FDB2BE54CE}.Release|Any CPU.ActiveCfg = Release|Any CPU
		{4F7ED302-458D-49B2-8B16-A6FDB2BE54CE}.Release|Any CPU.Build.0 = Release|Any CPU
		{96ED7F2B-316E-43A9-B78F-69E551A66E96}.Debug|Any CPU.ActiveCfg = Debug|Any CPU
		{96ED7F2B-316E-43A9-B78F-69E551A66E96}.Debug|Any CPU.Build.0 = Debug|Any CPU
		{96ED7F2B-316E-43A9-B78F-69E551A66E96}.Release|Any CPU.ActiveCfg = Release|Any CPU
		{96ED7F2B-316E-43A9-B78F-69E551A66E96}.Release|Any CPU.Build.0 = Release|Any CPU
		{9B46B1C6-68FC-4154-955B-468A8DD8C7EC}.Debug|Any CPU.ActiveCfg = Debug|Any CPU
		{9B46B1C6-68FC-4154-955B-468A8DD8C7EC}.Debug|Any CPU.Build.0 = Debug|Any CPU
		{9B46B1C6-68FC-4154-955B-468A8DD8C7EC}.Release|Any CPU.ActiveCfg = Release|Any CPU
		{9B46B1C6-68FC-4154-955B-468A8DD8C7EC}.Release|Any CPU.Build.0 = Release|Any CPU
		{CABAD6E7-0DEB-4B8F-AB01-651AF27198D2}.Debug|Any CPU.ActiveCfg = Debug|Any CPU
		{CABAD6E7-0DEB-4B8F-AB01-651AF27198D2}.Debug|Any CPU.Build.0 = Debug|Any CPU
		{CABAD6E7-0DEB-4B8F-AB01-651AF27198D2}.Release|Any CPU.ActiveCfg = Release|Any CPU
		{CABAD6E7-0DEB-4B8F-AB01-651AF27198D2}.Release|Any CPU.Build.0 = Release|Any CPU
		{89CDCA7D-FB01-475E-AC28-F761FF1386BC}.Debug|Any CPU.ActiveCfg = Debug|Any CPU
		{89CDCA7D-FB01-475E-AC28-F761FF1386BC}.Debug|Any CPU.Build.0 = Debug|Any CPU
		{89CDCA7D-FB01-475E-AC28-F761FF1386BC}.Release|Any CPU.ActiveCfg = Release|Any CPU
		{89CDCA7D-FB01-475E-AC28-F761FF1386BC}.Release|Any CPU.Build.0 = Release|Any CPU
		{F2819B7B-D786-4F93-93A6-E0A40D50ACAF}.Debug|Any CPU.ActiveCfg = Debug|Any CPU
		{F2819B7B-D786-4F93-93A6-E0A40D50ACAF}.Debug|Any CPU.Build.0 = Debug|Any CPU
		{F2819B7B-D786-4F93-93A6-E0A40D50ACAF}.Release|Any CPU.ActiveCfg = Release|Any CPU
		{F2819B7B-D786-4F93-93A6-E0A40D50ACAF}.Release|Any CPU.Build.0 = Release|Any CPU
		{485EE2E8-2412-4615-A1AD-8DEC01CFF21D}.Debug|Any CPU.ActiveCfg = Debug|Any CPU
		{485EE2E8-2412-4615-A1AD-8DEC01CFF21D}.Debug|Any CPU.Build.0 = Debug|Any CPU
		{485EE2E8-2412-4615-A1AD-8DEC01CFF21D}.Release|Any CPU.ActiveCfg = Release|Any CPU
		{485EE2E8-2412-4615-A1AD-8DEC01CFF21D}.Release|Any CPU.Build.0 = Release|Any CPU
		{F61C6164-A9E3-4285-8AA1-6200369EAA10}.Debug|Any CPU.ActiveCfg = Debug|Any CPU
		{F61C6164-A9E3-4285-8AA1-6200369EAA10}.Debug|Any CPU.Build.0 = Debug|Any CPU
		{F61C6164-A9E3-4285-8AA1-6200369EAA10}.Release|Any CPU.ActiveCfg = Release|Any CPU
		{F61C6164-A9E3-4285-8AA1-6200369EAA10}.Release|Any CPU.Build.0 = Release|Any CPU
		{10F40342-C841-49A3-ACA9-DC3E337391CE}.Debug|Any CPU.ActiveCfg = Debug|Any CPU
		{10F40342-C841-49A3-ACA9-DC3E337391CE}.Debug|Any CPU.Build.0 = Debug|Any CPU
		{10F40342-C841-49A3-ACA9-DC3E337391CE}.Release|Any CPU.ActiveCfg = Release|Any CPU
		{10F40342-C841-49A3-ACA9-DC3E337391CE}.Release|Any CPU.Build.0 = Release|Any CPU
		{55A93889-7D7E-4E8F-B9EA-1D31016AF412}.Debug|Any CPU.ActiveCfg = Debug|Any CPU
		{55A93889-7D7E-4E8F-B9EA-1D31016AF412}.Debug|Any CPU.Build.0 = Debug|Any CPU
		{55A93889-7D7E-4E8F-B9EA-1D31016AF412}.Release|Any CPU.ActiveCfg = Release|Any CPU
		{55A93889-7D7E-4E8F-B9EA-1D31016AF412}.Release|Any CPU.Build.0 = Release|Any CPU
		{0C127667-D734-4F00-B2F6-E64982EBEA3F}.Debug|Any CPU.ActiveCfg = Debug|Any CPU
		{0C127667-D734-4F00-B2F6-E64982EBEA3F}.Debug|Any CPU.Build.0 = Debug|Any CPU
		{0C127667-D734-4F00-B2F6-E64982EBEA3F}.Release|Any CPU.ActiveCfg = Release|Any CPU
		{0C127667-D734-4F00-B2F6-E64982EBEA3F}.Release|Any CPU.Build.0 = Release|Any CPU
		{87DFB2DC-CC13-4417-95DE-20CED80CD17E}.Debug|Any CPU.ActiveCfg = Debug|Any CPU
		{87DFB2DC-CC13-4417-95DE-20CED80CD17E}.Debug|Any CPU.Build.0 = Debug|Any CPU
		{87DFB2DC-CC13-4417-95DE-20CED80CD17E}.Release|Any CPU.ActiveCfg = Release|Any CPU
		{87DFB2DC-CC13-4417-95DE-20CED80CD17E}.Release|Any CPU.Build.0 = Release|Any CPU
		{A8401576-199E-4FA0-B703-5F4CA53E8ACD}.Debug|Any CPU.ActiveCfg = Debug|Any CPU
		{A8401576-199E-4FA0-B703-5F4CA53E8ACD}.Debug|Any CPU.Build.0 = Debug|Any CPU
		{A8401576-199E-4FA0-B703-5F4CA53E8ACD}.Release|Any CPU.ActiveCfg = Release|Any CPU
		{A8401576-199E-4FA0-B703-5F4CA53E8ACD}.Release|Any CPU.Build.0 = Release|Any CPU
		{9D64FDEC-E08E-48E9-A20A-469F97679824}.Debug|Any CPU.ActiveCfg = Debug|Any CPU
		{9D64FDEC-E08E-48E9-A20A-469F97679824}.Debug|Any CPU.Build.0 = Debug|Any CPU
		{9D64FDEC-E08E-48E9-A20A-469F97679824}.Release|Any CPU.ActiveCfg = Release|Any CPU
		{9D64FDEC-E08E-48E9-A20A-469F97679824}.Release|Any CPU.Build.0 = Release|Any CPU
		{BF32406D-7086-4060-B242-7208C5F52EBA}.Debug|Any CPU.ActiveCfg = Debug|Any CPU
		{BF32406D-7086-4060-B242-7208C5F52EBA}.Debug|Any CPU.Build.0 = Debug|Any CPU
		{BF32406D-7086-4060-B242-7208C5F52EBA}.Release|Any CPU.ActiveCfg = Release|Any CPU
		{BF32406D-7086-4060-B242-7208C5F52EBA}.Release|Any CPU.Build.0 = Release|Any CPU
		{420E2273-15D7-452A-B39D-77C14A5B3FBD}.Debug|Any CPU.ActiveCfg = Debug|Any CPU
		{420E2273-15D7-452A-B39D-77C14A5B3FBD}.Debug|Any CPU.Build.0 = Debug|Any CPU
		{420E2273-15D7-452A-B39D-77C14A5B3FBD}.Release|Any CPU.ActiveCfg = Release|Any CPU
		{420E2273-15D7-452A-B39D-77C14A5B3FBD}.Release|Any CPU.Build.0 = Release|Any CPU
		{4F218FB5-2E15-4168-8764-6664F42C712C}.Debug|Any CPU.ActiveCfg = Debug|Any CPU
		{4F218FB5-2E15-4168-8764-6664F42C712C}.Debug|Any CPU.Build.0 = Debug|Any CPU
		{4F218FB5-2E15-4168-8764-6664F42C712C}.Release|Any CPU.ActiveCfg = Release|Any CPU
		{4F218FB5-2E15-4168-8764-6664F42C712C}.Release|Any CPU.Build.0 = Release|Any CPU
		{1AE8B889-9820-4C11-9A1C-70652FDF4C36}.Debug|Any CPU.ActiveCfg = Debug|Any CPU
		{1AE8B889-9820-4C11-9A1C-70652FDF4C36}.Debug|Any CPU.Build.0 = Debug|Any CPU
		{1AE8B889-9820-4C11-9A1C-70652FDF4C36}.Release|Any CPU.ActiveCfg = Release|Any CPU
		{1AE8B889-9820-4C11-9A1C-70652FDF4C36}.Release|Any CPU.Build.0 = Release|Any CPU
		{B6D984A9-66FB-418B-B925-062841A72893}.Debug|Any CPU.ActiveCfg = Debug|Any CPU
		{B6D984A9-66FB-418B-B925-062841A72893}.Debug|Any CPU.Build.0 = Debug|Any CPU
		{B6D984A9-66FB-418B-B925-062841A72893}.Release|Any CPU.ActiveCfg = Release|Any CPU
		{B6D984A9-66FB-418B-B925-062841A72893}.Release|Any CPU.Build.0 = Release|Any CPU
		{D8F0BA87-8F82-43BB-9F3B-12F6D1625BD3}.Debug|Any CPU.ActiveCfg = Debug|Any CPU
		{D8F0BA87-8F82-43BB-9F3B-12F6D1625BD3}.Debug|Any CPU.Build.0 = Debug|Any CPU
		{D8F0BA87-8F82-43BB-9F3B-12F6D1625BD3}.Release|Any CPU.ActiveCfg = Release|Any CPU
		{D8F0BA87-8F82-43BB-9F3B-12F6D1625BD3}.Release|Any CPU.Build.0 = Release|Any CPU
		{005BD74B-7B50-4DA0-9DE5-906D1EF2A72E}.Debug|Any CPU.ActiveCfg = Debug|Any CPU
		{005BD74B-7B50-4DA0-9DE5-906D1EF2A72E}.Debug|Any CPU.Build.0 = Debug|Any CPU
		{005BD74B-7B50-4DA0-9DE5-906D1EF2A72E}.Release|Any CPU.ActiveCfg = Release|Any CPU
		{005BD74B-7B50-4DA0-9DE5-906D1EF2A72E}.Release|Any CPU.Build.0 = Release|Any CPU
		{7A8536E8-F9D1-4059-BC69-242B2A440999}.Debug|Any CPU.ActiveCfg = Debug|Any CPU
		{7A8536E8-F9D1-4059-BC69-242B2A440999}.Debug|Any CPU.Build.0 = Debug|Any CPU
		{7A8536E8-F9D1-4059-BC69-242B2A440999}.Release|Any CPU.ActiveCfg = Release|Any CPU
		{7A8536E8-F9D1-4059-BC69-242B2A440999}.Release|Any CPU.Build.0 = Release|Any CPU
		{5D868A37-4C54-46F7-BE9B-FDC59D040DD4}.Debug|Any CPU.ActiveCfg = Debug|Any CPU
		{5D868A37-4C54-46F7-BE9B-FDC59D040DD4}.Debug|Any CPU.Build.0 = Debug|Any CPU
		{5D868A37-4C54-46F7-BE9B-FDC59D040DD4}.Release|Any CPU.ActiveCfg = Release|Any CPU
		{5D868A37-4C54-46F7-BE9B-FDC59D040DD4}.Release|Any CPU.Build.0 = Release|Any CPU
		{AC522364-7FD3-4714-AD5B-CC3529562986}.Debug|Any CPU.ActiveCfg = Debug|Any CPU
		{AC522364-7FD3-4714-AD5B-CC3529562986}.Debug|Any CPU.Build.0 = Debug|Any CPU
		{AC522364-7FD3-4714-AD5B-CC3529562986}.Release|Any CPU.ActiveCfg = Release|Any CPU
		{AC522364-7FD3-4714-AD5B-CC3529562986}.Release|Any CPU.Build.0 = Release|Any CPU
		{3A33365E-3DB4-40D1-B668-169596ACFDB4}.Debug|Any CPU.ActiveCfg = Debug|Any CPU
		{3A33365E-3DB4-40D1-B668-169596ACFDB4}.Debug|Any CPU.Build.0 = Debug|Any CPU
		{3A33365E-3DB4-40D1-B668-169596ACFDB4}.Release|Any CPU.ActiveCfg = Release|Any CPU
		{3A33365E-3DB4-40D1-B668-169596ACFDB4}.Release|Any CPU.Build.0 = Release|Any CPU
		{FC6D38B4-8AFC-4F1F-AAA0-AF66248FFDAA}.Debug|Any CPU.ActiveCfg = Debug|Any CPU
		{FC6D38B4-8AFC-4F1F-AAA0-AF66248FFDAA}.Debug|Any CPU.Build.0 = Debug|Any CPU
		{FC6D38B4-8AFC-4F1F-AAA0-AF66248FFDAA}.Release|Any CPU.ActiveCfg = Release|Any CPU
		{FC6D38B4-8AFC-4F1F-AAA0-AF66248FFDAA}.Release|Any CPU.Build.0 = Release|Any CPU
		{31D0BAC9-A943-4453-B3DD-ECC025EDC22A}.Debug|Any CPU.ActiveCfg = Debug|Any CPU
		{31D0BAC9-A943-4453-B3DD-ECC025EDC22A}.Debug|Any CPU.Build.0 = Debug|Any CPU
		{31D0BAC9-A943-4453-B3DD-ECC025EDC22A}.Release|Any CPU.ActiveCfg = Release|Any CPU
		{31D0BAC9-A943-4453-B3DD-ECC025EDC22A}.Release|Any CPU.Build.0 = Release|Any CPU
		{C78E66B3-1622-428A-9C07-7D6A59C00510}.Debug|Any CPU.ActiveCfg = Debug|Any CPU
		{C78E66B3-1622-428A-9C07-7D6A59C00510}.Debug|Any CPU.Build.0 = Debug|Any CPU
		{C78E66B3-1622-428A-9C07-7D6A59C00510}.Release|Any CPU.ActiveCfg = Release|Any CPU
		{C78E66B3-1622-428A-9C07-7D6A59C00510}.Release|Any CPU.Build.0 = Release|Any CPU
		{A3641D0C-A218-46E9-AD1E-395BC07B3B45}.Debug|Any CPU.ActiveCfg = Debug|Any CPU
		{A3641D0C-A218-46E9-AD1E-395BC07B3B45}.Debug|Any CPU.Build.0 = Debug|Any CPU
		{A3641D0C-A218-46E9-AD1E-395BC07B3B45}.Release|Any CPU.ActiveCfg = Release|Any CPU
		{A3641D0C-A218-46E9-AD1E-395BC07B3B45}.Release|Any CPU.Build.0 = Release|Any CPU
		{666C959E-03A6-4D9F-A9FA-39068EAB7EE5}.Debug|Any CPU.ActiveCfg = Debug|Any CPU
		{666C959E-03A6-4D9F-A9FA-39068EAB7EE5}.Debug|Any CPU.Build.0 = Debug|Any CPU
		{666C959E-03A6-4D9F-A9FA-39068EAB7EE5}.Release|Any CPU.ActiveCfg = Release|Any CPU
		{666C959E-03A6-4D9F-A9FA-39068EAB7EE5}.Release|Any CPU.Build.0 = Release|Any CPU
		{95AD39EB-DDB3-40C9-8F2D-46567B8B82DB}.Debug|Any CPU.ActiveCfg = Debug|Any CPU
		{95AD39EB-DDB3-40C9-8F2D-46567B8B82DB}.Debug|Any CPU.Build.0 = Debug|Any CPU
		{95AD39EB-DDB3-40C9-8F2D-46567B8B82DB}.Release|Any CPU.ActiveCfg = Release|Any CPU
		{95AD39EB-DDB3-40C9-8F2D-46567B8B82DB}.Release|Any CPU.Build.0 = Release|Any CPU
		{E4AD203D-BF62-4A74-AA9C-E1358677F646}.Debug|Any CPU.ActiveCfg = Debug|Any CPU
		{E4AD203D-BF62-4A74-AA9C-E1358677F646}.Debug|Any CPU.Build.0 = Debug|Any CPU
		{E4AD203D-BF62-4A74-AA9C-E1358677F646}.Release|Any CPU.ActiveCfg = Release|Any CPU
		{E4AD203D-BF62-4A74-AA9C-E1358677F646}.Release|Any CPU.Build.0 = Release|Any CPU
		{A3F20F9F-BA18-4A61-8A57-5387E57616BD}.Debug|Any CPU.ActiveCfg = Debug|Any CPU
		{A3F20F9F-BA18-4A61-8A57-5387E57616BD}.Debug|Any CPU.Build.0 = Debug|Any CPU
		{A3F20F9F-BA18-4A61-8A57-5387E57616BD}.Release|Any CPU.ActiveCfg = Release|Any CPU
		{A3F20F9F-BA18-4A61-8A57-5387E57616BD}.Release|Any CPU.Build.0 = Release|Any CPU
		{172EE25B-520F-4FE9-92CA-4737E0F1C629}.Debug|Any CPU.ActiveCfg = Debug|Any CPU
		{172EE25B-520F-4FE9-92CA-4737E0F1C629}.Debug|Any CPU.Build.0 = Debug|Any CPU
		{172EE25B-520F-4FE9-92CA-4737E0F1C629}.Release|Any CPU.ActiveCfg = Release|Any CPU
		{172EE25B-520F-4FE9-92CA-4737E0F1C629}.Release|Any CPU.Build.0 = Release|Any CPU
		{F7B193F9-F5F7-432E-9C7B-2349285141DA}.Debug|Any CPU.ActiveCfg = Debug|Any CPU
		{F7B193F9-F5F7-432E-9C7B-2349285141DA}.Debug|Any CPU.Build.0 = Debug|Any CPU
		{F7B193F9-F5F7-432E-9C7B-2349285141DA}.Release|Any CPU.ActiveCfg = Release|Any CPU
		{F7B193F9-F5F7-432E-9C7B-2349285141DA}.Release|Any CPU.Build.0 = Release|Any CPU
		{206EB6F4-4DA0-4AC4-BB32-AABBF2D7E7F2}.Debug|Any CPU.ActiveCfg = Debug|Any CPU
		{206EB6F4-4DA0-4AC4-BB32-AABBF2D7E7F2}.Debug|Any CPU.Build.0 = Debug|Any CPU
		{206EB6F4-4DA0-4AC4-BB32-AABBF2D7E7F2}.Release|Any CPU.ActiveCfg = Release|Any CPU
		{206EB6F4-4DA0-4AC4-BB32-AABBF2D7E7F2}.Release|Any CPU.Build.0 = Release|Any CPU
		{1D79B77B-E693-45BF-84D8-7E09E539D8EC}.Debug|Any CPU.ActiveCfg = Debug|Any CPU
		{1D79B77B-E693-45BF-84D8-7E09E539D8EC}.Debug|Any CPU.Build.0 = Debug|Any CPU
		{1D79B77B-E693-45BF-84D8-7E09E539D8EC}.Release|Any CPU.ActiveCfg = Release|Any CPU
		{1D79B77B-E693-45BF-84D8-7E09E539D8EC}.Release|Any CPU.Build.0 = Release|Any CPU
		{77EE69AC-E5EC-41B9-B473-83E894027870}.Debug|Any CPU.ActiveCfg = Debug|Any CPU
		{77EE69AC-E5EC-41B9-B473-83E894027870}.Debug|Any CPU.Build.0 = Debug|Any CPU
		{77EE69AC-E5EC-41B9-B473-83E894027870}.Release|Any CPU.ActiveCfg = Release|Any CPU
		{77EE69AC-E5EC-41B9-B473-83E894027870}.Release|Any CPU.Build.0 = Release|Any CPU
		{C9C29932-45E1-4185-8D49-E9D155E6F3B1}.Debug|Any CPU.ActiveCfg = Debug|Any CPU
		{C9C29932-45E1-4185-8D49-E9D155E6F3B1}.Debug|Any CPU.Build.0 = Debug|Any CPU
		{C9C29932-45E1-4185-8D49-E9D155E6F3B1}.Release|Any CPU.ActiveCfg = Release|Any CPU
		{C9C29932-45E1-4185-8D49-E9D155E6F3B1}.Release|Any CPU.Build.0 = Release|Any CPU
		{F73796AA-00C8-4CC3-874F-E1AD0ED655B9}.Debug|Any CPU.ActiveCfg = Debug|Any CPU
		{F73796AA-00C8-4CC3-874F-E1AD0ED655B9}.Debug|Any CPU.Build.0 = Debug|Any CPU
		{F73796AA-00C8-4CC3-874F-E1AD0ED655B9}.Release|Any CPU.ActiveCfg = Release|Any CPU
		{F73796AA-00C8-4CC3-874F-E1AD0ED655B9}.Release|Any CPU.Build.0 = Release|Any CPU
	EndGlobalSection
	GlobalSection(SolutionProperties) = preSolution
		HideSolutionNode = FALSE
	EndGlobalSection
	GlobalSection(NestedProjects) = preSolution
		{4F7ED302-458D-49B2-8B16-A6FDB2BE54CE} = {EA233C58-B57B-4266-8717-7FFBD340CACC}
		{96ED7F2B-316E-43A9-B78F-69E551A66E96} = {44513889-2A33-4487-AB15-BFD1B5C12CDD}
		{9B46B1C6-68FC-4154-955B-468A8DD8C7EC} = {9E9A8468-6486-4364-9611-BFFF51256CD5}
		{CABAD6E7-0DEB-4B8F-AB01-651AF27198D2} = {CD8ADDE9-7F4D-4F68-BB8B-9CB75B825671}
		{89CDCA7D-FB01-475E-AC28-F761FF1386BC} = {44513889-2A33-4487-AB15-BFD1B5C12CDD}
		{F2819B7B-D786-4F93-93A6-E0A40D50ACAF} = {44513889-2A33-4487-AB15-BFD1B5C12CDD}
		{485EE2E8-2412-4615-A1AD-8DEC01CFF21D} = {44513889-2A33-4487-AB15-BFD1B5C12CDD}
		{F61C6164-A9E3-4285-8AA1-6200369EAA10} = {44513889-2A33-4487-AB15-BFD1B5C12CDD}
		{10F40342-C841-49A3-ACA9-DC3E337391CE} = {44513889-2A33-4487-AB15-BFD1B5C12CDD}
		{55A93889-7D7E-4E8F-B9EA-1D31016AF412} = {CD8ADDE9-7F4D-4F68-BB8B-9CB75B825671}
		{0C127667-D734-4F00-B2F6-E64982EBEA3F} = {CD8ADDE9-7F4D-4F68-BB8B-9CB75B825671}
		{87DFB2DC-CC13-4417-95DE-20CED80CD17E} = {CD8ADDE9-7F4D-4F68-BB8B-9CB75B825671}
		{A8401576-199E-4FA0-B703-5F4CA53E8ACD} = {CD8ADDE9-7F4D-4F68-BB8B-9CB75B825671}
		{9D64FDEC-E08E-48E9-A20A-469F97679824} = {CD8ADDE9-7F4D-4F68-BB8B-9CB75B825671}
		{BF32406D-7086-4060-B242-7208C5F52EBA} = {CD8ADDE9-7F4D-4F68-BB8B-9CB75B825671}
		{420E2273-15D7-452A-B39D-77C14A5B3FBD} = {44513889-2A33-4487-AB15-BFD1B5C12CDD}
		{4F218FB5-2E15-4168-8764-6664F42C712C} = {44513889-2A33-4487-AB15-BFD1B5C12CDD}
		{1AE8B889-9820-4C11-9A1C-70652FDF4C36} = {EA233C58-B57B-4266-8717-7FFBD340CACC}
		{B6D984A9-66FB-418B-B925-062841A72893} = {CD8ADDE9-7F4D-4F68-BB8B-9CB75B825671}
		{D8F0BA87-8F82-43BB-9F3B-12F6D1625BD3} = {EA233C58-B57B-4266-8717-7FFBD340CACC}
		{005BD74B-7B50-4DA0-9DE5-906D1EF2A72E} = {44513889-2A33-4487-AB15-BFD1B5C12CDD}
		{7A8536E8-F9D1-4059-BC69-242B2A440999} = {CD8ADDE9-7F4D-4F68-BB8B-9CB75B825671}
		{5D868A37-4C54-46F7-BE9B-FDC59D040DD4} = {CD8ADDE9-7F4D-4F68-BB8B-9CB75B825671}
		{AC522364-7FD3-4714-AD5B-CC3529562986} = {CD8ADDE9-7F4D-4F68-BB8B-9CB75B825671}
		{3A33365E-3DB4-40D1-B668-169596ACFDB4} = {CD8ADDE9-7F4D-4F68-BB8B-9CB75B825671}
		{FC6D38B4-8AFC-4F1F-AAA0-AF66248FFDAA} = {44513889-2A33-4487-AB15-BFD1B5C12CDD}
		{31D0BAC9-A943-4453-B3DD-ECC025EDC22A} = {44513889-2A33-4487-AB15-BFD1B5C12CDD}
		{C78E66B3-1622-428A-9C07-7D6A59C00510} = {44513889-2A33-4487-AB15-BFD1B5C12CDD}
		{A3641D0C-A218-46E9-AD1E-395BC07B3B45} = {44513889-2A33-4487-AB15-BFD1B5C12CDD}
		{666C959E-03A6-4D9F-A9FA-39068EAB7EE5} = {44513889-2A33-4487-AB15-BFD1B5C12CDD}
		{95AD39EB-DDB3-40C9-8F2D-46567B8B82DB} = {CD8ADDE9-7F4D-4F68-BB8B-9CB75B825671}
		{E4AD203D-BF62-4A74-AA9C-E1358677F646} = {CD8ADDE9-7F4D-4F68-BB8B-9CB75B825671}
		{A3F20F9F-BA18-4A61-8A57-5387E57616BD} = {44513889-2A33-4487-AB15-BFD1B5C12CDD}
		{172EE25B-520F-4FE9-92CA-4737E0F1C629} = {CD8ADDE9-7F4D-4F68-BB8B-9CB75B825671}
		{F7B193F9-F5F7-432E-9C7B-2349285141DA} = {CD8ADDE9-7F4D-4F68-BB8B-9CB75B825671}
		{206EB6F4-4DA0-4AC4-BB32-AABBF2D7E7F2} = {44513889-2A33-4487-AB15-BFD1B5C12CDD}
		{1D79B77B-E693-45BF-84D8-7E09E539D8EC} = {44513889-2A33-4487-AB15-BFD1B5C12CDD}
		{77EE69AC-E5EC-41B9-B473-83E894027870} = {CD8ADDE9-7F4D-4F68-BB8B-9CB75B825671}
		{C9C29932-45E1-4185-8D49-E9D155E6F3B1} = {44513889-2A33-4487-AB15-BFD1B5C12CDD}
		{F73796AA-00C8-4CC3-874F-E1AD0ED655B9} = {CD8ADDE9-7F4D-4F68-BB8B-9CB75B825671}
	EndGlobalSection
	GlobalSection(ExtensibilityGlobals) = postSolution
		SolutionGuid = {314A7FBA-E78F-4389-AE98-EA5FA8E992CE}
	EndGlobalSection
EndGlobal
